
Microsoft Visual Studio Solution File, Format Version 12.00
# Visual Studio Version 17
VisualStudioVersion = 17.14.36429.23 d17.14
MinimumVisualStudioVersion = 10.0.40219.1
Project("{FAE04EC0-301F-11D3-BF4B-00C04F79EFBC}") = "Day5_data_structure", "Day5_data_structure.csproj", "{9E93491C-9B41-4FFB-8CDA-47FF5FF4EE75}"
EndProject
Global
	GlobalSection(SolutionConfigurationPlatforms) = preSolution
		Debug|Any CPU = Debug|Any CPU
		Release|Any CPU = Release|Any CPU
	EndGlobalSection
	GlobalSection(ProjectConfigurationPlatforms) = postSolution
		{9E93491C-9B41-4FFB-8CDA-47FF5FF4EE75}.Debug|Any CPU.ActiveCfg = Debug|Any CPU
		{9E93491C-9B41-4FFB-8CDA-47FF5FF4EE75}.Debug|Any CPU.Build.0 = Debug|Any CPU
		{9E93491C-9B41-4FFB-8CDA-47FF5FF4EE75}.Release|Any CPU.ActiveCfg = Release|Any CPU
		{9E93491C-9B41-4FFB-8CDA-47FF5FF4EE75}.Release|Any CPU.Build.0 = Release|Any CPU
	EndGlobalSection
	GlobalSection(SolutionProperties) = preSolution
		HideSolutionNode = FALSE
	EndGlobalSection
	GlobalSection(ExtensibilityGlobals) = postSolution
		SolutionGuid = {5519F1F6-6CC7-479C-8AEB-34D2619282CE}
	EndGlobalSection
EndGlobal
