
Microsoft Visual Studio Solution File, Format Version 12.00
# Visual Studio Version 17
VisualStudioVersion = 17.14.36429.23 d17.14
MinimumVisualStudioVersion = 10.0.40219.1
Project("{FAE04EC0-301F-11D3-BF4B-00C04F79EFBC}") = "Ioc_Di_test", "Ioc_Di_test.csproj", "{42EC0DC9-54A9-4E48-B8DB-9BF8E983D7E7}"
EndProject
Global
	GlobalSection(SolutionConfigurationPlatforms) = preSolution
		Debug|Any CPU = Debug|Any CPU
		Release|Any CPU = Release|Any CPU
	EndGlobalSection
	GlobalSection(ProjectConfigurationPlatforms) = postSolution
		{42EC0DC9-54A9-4E48-B8DB-9BF8E983D7E7}.Debug|Any CPU.ActiveCfg = Debug|Any CPU
		{42EC0DC9-54A9-4E48-B8DB-9BF8E983D7E7}.Debug|Any CPU.Build.0 = Debug|Any CPU
		{42EC0DC9-54A9-4E48-B8DB-9BF8E983D7E7}.Release|Any CPU.ActiveCfg = Release|Any CPU
		{42EC0DC9-54A9-4E48-B8DB-9BF8E983D7E7}.Release|Any CPU.Build.0 = Release|Any CPU
	EndGlobalSection
	GlobalSection(SolutionProperties) = preSolution
		HideSolutionNode = FALSE
	EndGlobalSection
	GlobalSection(ExtensibilityGlobals) = postSolution
		SolutionGuid = {E0449A5D-A853-4F67-94C7-B5DED3454ECE}
	EndGlobalSection
EndGlobal
